
Microsoft Visual Studio Solution File, Format Version 12.00
# Visual Studio Version 17
VisualStudioVersion = 17.14.36310.24 d17.14
MinimumVisualStudioVersion = 10.0.40219.1
Project("{FAE04EC0-301F-11D3-BF4B-00C04F79EFBC}") = "CourierSafetyApp", "CourierSafetyApp\CourierSafetyApp.csproj", "{72CCE1FE-4B3C-4B17-837B-14851BE3FD5B}"
EndProject
Global
	GlobalSection(SolutionConfigurationPlatforms) = preSolution
		Debug|Any CPU = Debug|Any CPU
		Release|Any CPU = Release|Any CPU
	EndGlobalSection
	GlobalSection(ProjectConfigurationPlatforms) = postSolution
		{72CCE1FE-4B3C-4B17-837B-14851BE3FD5B}.Debug|Any CPU.ActiveCfg = Debug|Any CPU
		{72CCE1FE-4B3C-4B17-837B-14851BE3FD5B}.Debug|Any CPU.Build.0 = Debug|Any CPU
		{72CCE1FE-4B3C-4B17-837B-14851BE3FD5B}.Release|Any CPU.ActiveCfg = Release|Any CPU
		{72CCE1FE-4B3C-4B17-837B-14851BE3FD5B}.Release|Any CPU.Build.0 = Release|Any CPU
	EndGlobalSection
	GlobalSection(SolutionProperties) = preSolution
		HideSolutionNode = FALSE
	EndGlobalSection
	GlobalSection(ExtensibilityGlobals) = postSolution
		SolutionGuid = {5B796F03-3CD4-45EF-9EC2-67D1195A99CA}
	EndGlobalSection
EndGlobal
